// !$*UTF8*$!
{
	archiveVersion = 1;
	classes = {
	};
	objectVersion = 50;
	objects = {

/* Begin PBXBuildFile section */
		01053543274EC8A600307D58 /* AppDelegate.swift in Sources */ = {isa = PBXBuildFile; fileRef = 01053542274EC8A600307D58 /* AppDelegate.swift */; };
		0132B804273330ED00E25915 /* TouchLocatingView.swift in Sources */ = {isa = PBXBuildFile; fileRef = 0132B803273330ED00E25915 /* TouchLocatingView.swift */; };
		6E0037E426FD66DD00DD8A2A /* LocalJsonFileManager.swift in Sources */ = {isa = PBXBuildFile; fileRef = 6E0037E326FD66DD00DD8A2A /* LocalJsonFileManager.swift */; };
		6E0308A826A7D9350030753C /* LibbrisApp.swift in Sources */ = {isa = PBXBuildFile; fileRef = 6E0308A726A7D9350030753C /* LibbrisApp.swift */; };
		6E0308AA26A7D9350030753C /* ContentView.swift in Sources */ = {isa = PBXBuildFile; fileRef = 6E0308A926A7D9350030753C /* ContentView.swift */; };
		6E0308AC26A7D9350030753C /* Assets.xcassets in Resources */ = {isa = PBXBuildFile; fileRef = 6E0308AB26A7D9350030753C /* Assets.xcassets */; };
		6E0308BA26A7D9360030753C /* LibbrisTests.swift in Sources */ = {isa = PBXBuildFile; fileRef = 6E0308B926A7D9360030753C /* LibbrisTests.swift */; };
		6E0308D326A7DD520030753C /* Launch Screen.storyboard in Resources */ = {isa = PBXBuildFile; fileRef = 6E0308D226A7DD520030753C /* Launch Screen.storyboard */; };
		6E03209A26F131D100981B15 /* Dosis-Regular.ttf in Resources */ = {isa = PBXBuildFile; fileRef = 6E03209226F131D000981B15 /* Dosis-Regular.ttf */; };
		6E03209B26F131D100981B15 /* Dosis-Regular.ttf in Resources */ = {isa = PBXBuildFile; fileRef = 6E03209226F131D000981B15 /* Dosis-Regular.ttf */; };
		6E03209C26F131D100981B15 /* Dosis-Medium.ttf in Resources */ = {isa = PBXBuildFile; fileRef = 6E03209326F131D000981B15 /* Dosis-Medium.ttf */; };
		6E03209D26F131D100981B15 /* Dosis-Medium.ttf in Resources */ = {isa = PBXBuildFile; fileRef = 6E03209326F131D000981B15 /* Dosis-Medium.ttf */; };
		6E03209E26F131D100981B15 /* Dosis-ExtraLight.ttf in Resources */ = {isa = PBXBuildFile; fileRef = 6E03209426F131D000981B15 /* Dosis-ExtraLight.ttf */; };
		6E03209F26F131D100981B15 /* Dosis-ExtraLight.ttf in Resources */ = {isa = PBXBuildFile; fileRef = 6E03209426F131D000981B15 /* Dosis-ExtraLight.ttf */; };
		6E0320A026F131D100981B15 /* Dosis-VariableFont_wght.ttf in Resources */ = {isa = PBXBuildFile; fileRef = 6E03209526F131D100981B15 /* Dosis-VariableFont_wght.ttf */; };
		6E0320A126F131D100981B15 /* Dosis-VariableFont_wght.ttf in Resources */ = {isa = PBXBuildFile; fileRef = 6E03209526F131D100981B15 /* Dosis-VariableFont_wght.ttf */; };
		6E0320A226F131D100981B15 /* Dosis-Light.ttf in Resources */ = {isa = PBXBuildFile; fileRef = 6E03209626F131D100981B15 /* Dosis-Light.ttf */; };
		6E0320A326F131D100981B15 /* Dosis-Light.ttf in Resources */ = {isa = PBXBuildFile; fileRef = 6E03209626F131D100981B15 /* Dosis-Light.ttf */; };
		6E0320A426F131D100981B15 /* Dosis-SemiBold.ttf in Resources */ = {isa = PBXBuildFile; fileRef = 6E03209726F131D100981B15 /* Dosis-SemiBold.ttf */; };
		6E0320A526F131D100981B15 /* Dosis-SemiBold.ttf in Resources */ = {isa = PBXBuildFile; fileRef = 6E03209726F131D100981B15 /* Dosis-SemiBold.ttf */; };
		6E0320A626F131D100981B15 /* Dosis-ExtraBold.ttf in Resources */ = {isa = PBXBuildFile; fileRef = 6E03209826F131D100981B15 /* Dosis-ExtraBold.ttf */; };
		6E0320A726F131D100981B15 /* Dosis-ExtraBold.ttf in Resources */ = {isa = PBXBuildFile; fileRef = 6E03209826F131D100981B15 /* Dosis-ExtraBold.ttf */; };
		6E0320A826F131D100981B15 /* Dosis-Bold.ttf in Resources */ = {isa = PBXBuildFile; fileRef = 6E03209926F131D100981B15 /* Dosis-Bold.ttf */; };
		6E0320A926F131D100981B15 /* Dosis-Bold.ttf in Resources */ = {isa = PBXBuildFile; fileRef = 6E03209926F131D100981B15 /* Dosis-Bold.ttf */; };
		6E0320AB26F1385000981B15 /* LibraryBookVertical.swift in Sources */ = {isa = PBXBuildFile; fileRef = 6E0320AA26F1385000981B15 /* LibraryBookVertical.swift */; };
		6E0320B426F1552800981B15 /* TabBarView.swift in Sources */ = {isa = PBXBuildFile; fileRef = 6E0320B326F1552800981B15 /* TabBarView.swift */; };
		6E0C45A62728EC2C002D3A4A /* ReadingBookChapters.swift in Sources */ = {isa = PBXBuildFile; fileRef = 6E0C45A52728EC2C002D3A4A /* ReadingBookChapters.swift */; };
		6E1E89B926EA87F8008EB44D /* BookShelf.swift in Sources */ = {isa = PBXBuildFile; fileRef = 6E1E89B826EA87F8008EB44D /* BookShelf.swift */; };
		6E25E76126EB299E008B26AF /* LibraryBook.swift in Sources */ = {isa = PBXBuildFile; fileRef = 6E25E76026EB299E008B26AF /* LibraryBook.swift */; };
		6E2AE9262724888000081BA0 /* TopBarBackGround.swift in Sources */ = {isa = PBXBuildFile; fileRef = 6E2AE9252724888000081BA0 /* TopBarBackGround.swift */; };
		6E2AE92927248B0100081BA0 /* HomePageTopBar.swift in Sources */ = {isa = PBXBuildFile; fileRef = 6E2AE92827248B0100081BA0 /* HomePageTopBar.swift */; };
		6E2AE92B27248D2800081BA0 /* ConfigPageTopBar.swift in Sources */ = {isa = PBXBuildFile; fileRef = 6E2AE92A27248D2800081BA0 /* ConfigPageTopBar.swift */; };
		6E2AE92D272491D100081BA0 /* BookShelfTopBar.swift in Sources */ = {isa = PBXBuildFile; fileRef = 6E2AE92C272491D100081BA0 /* BookShelfTopBar.swift */; };
		6E2AE9302724E31C00081BA0 /* DownloadData.swift in Sources */ = {isa = PBXBuildFile; fileRef = 6E2AE92E2724BB7300081BA0 /* DownloadData.swift */; };
		6E31CD5726F278F000956223 /* BookList.swift in Sources */ = {isa = PBXBuildFile; fileRef = 6E31CD5626F278F000956223 /* BookList.swift */; };
		6E4492DB26D40E3E00313F8E /* ConfigPage.swift in Sources */ = {isa = PBXBuildFile; fileRef = 6E4492DA26D40E3E00313F8E /* ConfigPage.swift */; };
		6E4492DD26D40E8300313F8E /* InfoPage.swift in Sources */ = {isa = PBXBuildFile; fileRef = 6E4492DC26D40E8300313F8E /* InfoPage.swift */; };
		6E4492E626D443DE00313F8E /* LanguagePage.swift in Sources */ = {isa = PBXBuildFile; fileRef = 6E4492E526D443DE00313F8E /* LanguagePage.swift */; };
		6E4492E926D448E700313F8E /* Localizable.strings in Resources */ = {isa = PBXBuildFile; fileRef = 6E4492EB26D448E700313F8E /* Localizable.strings */; };
		6E4492EF26D4554F00313F8E /* DownloadJson.swift in Sources */ = {isa = PBXBuildFile; fileRef = 6E4492EE26D4554F00313F8E /* DownloadJson.swift */; };
		6E4EF5CD273D7B5E000E5198 /* SplashScreenTests.swift in Sources */ = {isa = PBXBuildFile; fileRef = 6E4EF5CC273D7B5E000E5198 /* SplashScreenTests.swift */; };
		6E4EF5CF273DABE6000E5198 /* BookCoverImg.swift in Sources */ = {isa = PBXBuildFile; fileRef = 6E4EF5CE273DABE6000E5198 /* BookCoverImg.swift */; };
		6E4EF5D1273DB856000E5198 /* BookTitle.swift in Sources */ = {isa = PBXBuildFile; fileRef = 6E4EF5D0273DB856000E5198 /* BookTitle.swift */; };
		6E4EF5D3273DB864000E5198 /* BookAuthor.swift in Sources */ = {isa = PBXBuildFile; fileRef = 6E4EF5D2273DB864000E5198 /* BookAuthor.swift */; };
		6E4EF5D5273DB871000E5198 /* BookSummary.swift in Sources */ = {isa = PBXBuildFile; fileRef = 6E4EF5D4273DB871000E5198 /* BookSummary.swift */; };
		6E4EF5D7273DD5E1000E5198 /* DownloadDataTest.swift in Sources */ = {isa = PBXBuildFile; fileRef = 6E4EF5D6273DD5E1000E5198 /* DownloadDataTest.swift */; };
		6E4EF5D9273DDAD2000E5198 /* ImageLoaderTests.swift in Sources */ = {isa = PBXBuildFile; fileRef = 6E4EF5D8273DDAD2000E5198 /* ImageLoaderTests.swift */; };
		6E4EF5DB273DDD97000E5198 /* LocalJsonFileManagerTests.swift in Sources */ = {isa = PBXBuildFile; fileRef = 6E4EF5DA273DDD97000E5198 /* LocalJsonFileManagerTests.swift */; };
		6E4EF5DD273DDDC0000E5198 /* DownloadJsonTests.swift in Sources */ = {isa = PBXBuildFile; fileRef = 6E4EF5DC273DDDC0000E5198 /* DownloadJsonTests.swift */; };
		6E4EF5E1273E26A2000E5198 /* HomePageTests.swift in Sources */ = {isa = PBXBuildFile; fileRef = 6E4EF5E0273E26A2000E5198 /* HomePageTests.swift */; };
		6E4EF5E3273E26B6000E5198 /* LibraryPageTests.swift in Sources */ = {isa = PBXBuildFile; fileRef = 6E4EF5E2273E26B6000E5198 /* LibraryPageTests.swift */; };
		6E4EF5E5273E26C8000E5198 /* LibraryMorePageTests.swift in Sources */ = {isa = PBXBuildFile; fileRef = 6E4EF5E4273E26C8000E5198 /* LibraryMorePageTests.swift */; };
		6E4EF5E7273E26DC000E5198 /* ConfigPageTests.swift in Sources */ = {isa = PBXBuildFile; fileRef = 6E4EF5E6273E26DC000E5198 /* ConfigPageTests.swift */; };
		6E535F8B26C46DC9003A1A8F /* MainView.swift in Sources */ = {isa = PBXBuildFile; fileRef = 6E535F8A26C46DC9003A1A8F /* MainView.swift */; };
		6E535F8D26C472F2003A1A8F /* BookInfo.swift in Sources */ = {isa = PBXBuildFile; fileRef = 6E535F8C26C472F2003A1A8F /* BookInfo.swift */; };
		6E67D49826F1B1B00037F17A /* BlankView.swift in Sources */ = {isa = PBXBuildFile; fileRef = 6E67D49726F1B1B00037F17A /* BlankView.swift */; };
		6E6C428626E1C80600202A9E /* LibbrisUITests.swift in Sources */ = {isa = PBXBuildFile; fileRef = 6E0308C426A7D9360030753C /* LibbrisUITests.swift */; };
		6E923B7A26E02070000E56B4 /* Functions.swift in Sources */ = {isa = PBXBuildFile; fileRef = 6E923B7926E02070000E56B4 /* Functions.swift */; };
		6E923B7C26E0326C000E56B4 /* strings.swift in Sources */ = {isa = PBXBuildFile; fileRef = 6E923B7B26E0326C000E56B4 /* strings.swift */; };
		6E9975DC26E063AE00443057 /* HomeBookButton.swift in Sources */ = {isa = PBXBuildFile; fileRef = 6E9975DB26E063AE00443057 /* HomeBookButton.swift */; };
		6EACE72326CEE9CB0063BAD5 /* DownloadImage.swift in Sources */ = {isa = PBXBuildFile; fileRef = 6EACE72226CEE9CB0063BAD5 /* DownloadImage.swift */; };
		6EB498B9274F26450019A843 /* ReadingBottomBar.swift in Sources */ = {isa = PBXBuildFile; fileRef = 6EB498B8274F26450019A843 /* ReadingBottomBar.swift */; };
		6ED7B49026B9AD92005DDB48 /* splashscreen.swift in Sources */ = {isa = PBXBuildFile; fileRef = 6ED7B48F26B9AD92005DDB48 /* splashscreen.swift */; };
		6EF42FBB273C7F6200E21F7D /* DownloadImageTests.swift in Sources */ = {isa = PBXBuildFile; fileRef = 6EF42FBA273C7F6200E21F7D /* DownloadImageTests.swift */; };
		6EF42FBD273CA4BF00E21F7D /* FunctionsTest.swift in Sources */ = {isa = PBXBuildFile; fileRef = 6EF42FBC273CA4BF00E21F7D /* FunctionsTest.swift */; };
		6EF42FC3273CC7CC00E21F7D /* bookInfoInitTests.swift in Sources */ = {isa = PBXBuildFile; fileRef = 6EF42FC2273CC7CC00E21F7D /* bookInfoInitTests.swift */; };
		6EF42FC9273CDCB400E21F7D /* ImageLoader.swift in Sources */ = {isa = PBXBuildFile; fileRef = 6EF42FC8273CDCB400E21F7D /* ImageLoader.swift */; };
		6EF42FCB273CE54500E21F7D /* ContentViewTests.swift in Sources */ = {isa = PBXBuildFile; fileRef = 6EF42FCA273CE54500E21F7D /* ContentViewTests.swift */; };
		866C1F2226B4E1E900D59699 /* gemfile in Resources */ = {isa = PBXBuildFile; fileRef = 866C1F2126B4E1E900D59699 /* gemfile */; };
		8D462A752739E3EE0016C74E /* SearchResults.swift in Sources */ = {isa = PBXBuildFile; fileRef = 8D462A742739E3EE0016C74E /* SearchResults.swift */; };
		8DCB989626EFD65D00C4E372 /* MoreBooksPage.swift in Sources */ = {isa = PBXBuildFile; fileRef = 8DCB989526EFD65D00C4E372 /* MoreBooksPage.swift */; };
		8DF56EE12745A1FF002ECDFA /* BookCatalog.swift in Sources */ = {isa = PBXBuildFile; fileRef = 8DF56EE02745A1FF002ECDFA /* BookCatalog.swift */; };
/* End PBXBuildFile section */

/* Begin PBXContainerItemProxy section */
		6E0308B626A7D9360030753C /* PBXContainerItemProxy */ = {
			isa = PBXContainerItemProxy;
			containerPortal = 6E03089C26A7D9350030753C /* Project object */;
			proxyType = 1;
			remoteGlobalIDString = 6E0308A326A7D9350030753C;
			remoteInfo = Libbris;
		};
		6E0308C126A7D9360030753C /* PBXContainerItemProxy */ = {
			isa = PBXContainerItemProxy;
			containerPortal = 6E03089C26A7D9350030753C /* Project object */;
			proxyType = 1;
			remoteGlobalIDString = 6E0308A326A7D9350030753C;
			remoteInfo = Libbris;
		};
/* End PBXContainerItemProxy section */

/* Begin PBXFileReference section */
		01053542274EC8A600307D58 /* AppDelegate.swift */ = {isa = PBXFileReference; lastKnownFileType = sourcecode.swift; path = AppDelegate.swift; sourceTree = "<group>"; };
		0132B803273330ED00E25915 /* TouchLocatingView.swift */ = {isa = PBXFileReference; lastKnownFileType = sourcecode.swift; path = TouchLocatingView.swift; sourceTree = "<group>"; };
		6E0037E326FD66DD00DD8A2A /* LocalJsonFileManager.swift */ = {isa = PBXFileReference; lastKnownFileType = sourcecode.swift; path = LocalJsonFileManager.swift; sourceTree = "<group>"; };
		6E0308A426A7D9350030753C /* Libbris.app */ = {isa = PBXFileReference; explicitFileType = wrapper.application; includeInIndex = 0; path = Libbris.app; sourceTree = BUILT_PRODUCTS_DIR; };
		6E0308A726A7D9350030753C /* LibbrisApp.swift */ = {isa = PBXFileReference; lastKnownFileType = sourcecode.swift; path = LibbrisApp.swift; sourceTree = "<group>"; };
		6E0308A926A7D9350030753C /* ContentView.swift */ = {isa = PBXFileReference; lastKnownFileType = sourcecode.swift; path = ContentView.swift; sourceTree = "<group>"; };
		6E0308AB26A7D9350030753C /* Assets.xcassets */ = {isa = PBXFileReference; lastKnownFileType = folder.assetcatalog; path = Assets.xcassets; sourceTree = "<group>"; };
		6E0308B026A7D9350030753C /* Info.plist */ = {isa = PBXFileReference; lastKnownFileType = text.plist.xml; path = Info.plist; sourceTree = "<group>"; };
		6E0308B526A7D9360030753C /* LibbrisTests.xctest */ = {isa = PBXFileReference; explicitFileType = wrapper.cfbundle; includeInIndex = 0; path = LibbrisTests.xctest; sourceTree = BUILT_PRODUCTS_DIR; };
		6E0308B926A7D9360030753C /* LibbrisTests.swift */ = {isa = PBXFileReference; lastKnownFileType = sourcecode.swift; path = LibbrisTests.swift; sourceTree = "<group>"; };
		6E0308BB26A7D9360030753C /* Info.plist */ = {isa = PBXFileReference; lastKnownFileType = text.plist.xml; path = Info.plist; sourceTree = "<group>"; };
		6E0308C026A7D9360030753C /* LibbrisUITests.xctest */ = {isa = PBXFileReference; explicitFileType = wrapper.cfbundle; includeInIndex = 0; path = LibbrisUITests.xctest; sourceTree = BUILT_PRODUCTS_DIR; };
		6E0308C426A7D9360030753C /* LibbrisUITests.swift */ = {isa = PBXFileReference; lastKnownFileType = sourcecode.swift; path = LibbrisUITests.swift; sourceTree = "<group>"; };
		6E0308C626A7D9360030753C /* Info.plist */ = {isa = PBXFileReference; lastKnownFileType = text.plist.xml; path = Info.plist; sourceTree = "<group>"; };
		6E0308D226A7DD520030753C /* Launch Screen.storyboard */ = {isa = PBXFileReference; lastKnownFileType = file.storyboard; path = "Launch Screen.storyboard"; sourceTree = "<group>"; };
		6E03209226F131D000981B15 /* Dosis-Regular.ttf */ = {isa = PBXFileReference; lastKnownFileType = file; path = "Dosis-Regular.ttf"; sourceTree = "<group>"; };
		6E03209326F131D000981B15 /* Dosis-Medium.ttf */ = {isa = PBXFileReference; lastKnownFileType = file; path = "Dosis-Medium.ttf"; sourceTree = "<group>"; };
		6E03209426F131D000981B15 /* Dosis-ExtraLight.ttf */ = {isa = PBXFileReference; lastKnownFileType = file; path = "Dosis-ExtraLight.ttf"; sourceTree = "<group>"; };
		6E03209526F131D100981B15 /* Dosis-VariableFont_wght.ttf */ = {isa = PBXFileReference; lastKnownFileType = file; path = "Dosis-VariableFont_wght.ttf"; sourceTree = "<group>"; };
		6E03209626F131D100981B15 /* Dosis-Light.ttf */ = {isa = PBXFileReference; lastKnownFileType = file; path = "Dosis-Light.ttf"; sourceTree = "<group>"; };
		6E03209726F131D100981B15 /* Dosis-SemiBold.ttf */ = {isa = PBXFileReference; lastKnownFileType = file; path = "Dosis-SemiBold.ttf"; sourceTree = "<group>"; };
		6E03209826F131D100981B15 /* Dosis-ExtraBold.ttf */ = {isa = PBXFileReference; lastKnownFileType = file; path = "Dosis-ExtraBold.ttf"; sourceTree = "<group>"; };
		6E03209926F131D100981B15 /* Dosis-Bold.ttf */ = {isa = PBXFileReference; lastKnownFileType = file; path = "Dosis-Bold.ttf"; sourceTree = "<group>"; };
		6E0320AA26F1385000981B15 /* LibraryBookVertical.swift */ = {isa = PBXFileReference; lastKnownFileType = sourcecode.swift; path = LibraryBookVertical.swift; sourceTree = "<group>"; };
		6E0320B326F1552800981B15 /* TabBarView.swift */ = {isa = PBXFileReference; lastKnownFileType = sourcecode.swift; path = TabBarView.swift; sourceTree = "<group>"; };
		6E0C45A52728EC2C002D3A4A /* ReadingBookChapters.swift */ = {isa = PBXFileReference; lastKnownFileType = sourcecode.swift; path = ReadingBookChapters.swift; sourceTree = "<group>"; };
		6E1E89B826EA87F8008EB44D /* BookShelf.swift */ = {isa = PBXFileReference; lastKnownFileType = sourcecode.swift; path = BookShelf.swift; sourceTree = "<group>"; };
		6E25E76026EB299E008B26AF /* LibraryBook.swift */ = {isa = PBXFileReference; lastKnownFileType = sourcecode.swift; path = LibraryBook.swift; sourceTree = "<group>"; };
		6E2AE9252724888000081BA0 /* TopBarBackGround.swift */ = {isa = PBXFileReference; lastKnownFileType = sourcecode.swift; path = TopBarBackGround.swift; sourceTree = "<group>"; };
		6E2AE92827248B0100081BA0 /* HomePageTopBar.swift */ = {isa = PBXFileReference; lastKnownFileType = sourcecode.swift; path = HomePageTopBar.swift; sourceTree = "<group>"; };
		6E2AE92A27248D2800081BA0 /* ConfigPageTopBar.swift */ = {isa = PBXFileReference; lastKnownFileType = sourcecode.swift; path = ConfigPageTopBar.swift; sourceTree = "<group>"; };
		6E2AE92C272491D100081BA0 /* BookShelfTopBar.swift */ = {isa = PBXFileReference; lastKnownFileType = sourcecode.swift; path = BookShelfTopBar.swift; sourceTree = "<group>"; };
		6E2AE92E2724BB7300081BA0 /* DownloadData.swift */ = {isa = PBXFileReference; lastKnownFileType = sourcecode.swift; path = DownloadData.swift; sourceTree = "<group>"; };
		6E31CD5626F278F000956223 /* BookList.swift */ = {isa = PBXFileReference; lastKnownFileType = sourcecode.swift; path = BookList.swift; sourceTree = "<group>"; };
		6E4492DA26D40E3E00313F8E /* ConfigPage.swift */ = {isa = PBXFileReference; lastKnownFileType = sourcecode.swift; path = ConfigPage.swift; sourceTree = "<group>"; };
		6E4492DC26D40E8300313F8E /* InfoPage.swift */ = {isa = PBXFileReference; lastKnownFileType = sourcecode.swift; path = InfoPage.swift; sourceTree = "<group>"; };
		6E4492E526D443DE00313F8E /* LanguagePage.swift */ = {isa = PBXFileReference; lastKnownFileType = sourcecode.swift; path = LanguagePage.swift; sourceTree = "<group>"; };
		6E4492EA26D448E700313F8E /* en */ = {isa = PBXFileReference; lastKnownFileType = text.plist.strings; name = en; path = en.lproj/Localizable.strings; sourceTree = "<group>"; };
		6E4492EC26D448EC00313F8E /* zh-Hans */ = {isa = PBXFileReference; lastKnownFileType = text.plist.strings; name = "zh-Hans"; path = "zh-Hans.lproj/Localizable.strings"; sourceTree = "<group>"; };
		6E4492ED26D448EF00313F8E /* fr */ = {isa = PBXFileReference; lastKnownFileType = text.plist.strings; name = fr; path = fr.lproj/Localizable.strings; sourceTree = "<group>"; };
		6E4492EE26D4554F00313F8E /* DownloadJson.swift */ = {isa = PBXFileReference; lastKnownFileType = sourcecode.swift; path = DownloadJson.swift; sourceTree = "<group>"; };
		6E4EF5CC273D7B5E000E5198 /* SplashScreenTests.swift */ = {isa = PBXFileReference; lastKnownFileType = sourcecode.swift; path = SplashScreenTests.swift; sourceTree = "<group>"; };
		6E4EF5CE273DABE6000E5198 /* BookCoverImg.swift */ = {isa = PBXFileReference; lastKnownFileType = sourcecode.swift; path = BookCoverImg.swift; sourceTree = "<group>"; };
		6E4EF5D0273DB856000E5198 /* BookTitle.swift */ = {isa = PBXFileReference; lastKnownFileType = sourcecode.swift; path = BookTitle.swift; sourceTree = "<group>"; };
		6E4EF5D2273DB864000E5198 /* BookAuthor.swift */ = {isa = PBXFileReference; lastKnownFileType = sourcecode.swift; path = BookAuthor.swift; sourceTree = "<group>"; };
		6E4EF5D4273DB871000E5198 /* BookSummary.swift */ = {isa = PBXFileReference; lastKnownFileType = sourcecode.swift; path = BookSummary.swift; sourceTree = "<group>"; };
		6E4EF5D6273DD5E1000E5198 /* DownloadDataTest.swift */ = {isa = PBXFileReference; lastKnownFileType = sourcecode.swift; path = DownloadDataTest.swift; sourceTree = "<group>"; };
		6E4EF5D8273DDAD2000E5198 /* ImageLoaderTests.swift */ = {isa = PBXFileReference; lastKnownFileType = sourcecode.swift; path = ImageLoaderTests.swift; sourceTree = "<group>"; };
		6E4EF5DA273DDD97000E5198 /* LocalJsonFileManagerTests.swift */ = {isa = PBXFileReference; lastKnownFileType = sourcecode.swift; path = LocalJsonFileManagerTests.swift; sourceTree = "<group>"; };
		6E4EF5DC273DDDC0000E5198 /* DownloadJsonTests.swift */ = {isa = PBXFileReference; lastKnownFileType = sourcecode.swift; path = DownloadJsonTests.swift; sourceTree = "<group>"; };
		6E4EF5E0273E26A2000E5198 /* HomePageTests.swift */ = {isa = PBXFileReference; lastKnownFileType = sourcecode.swift; path = HomePageTests.swift; sourceTree = "<group>"; };
		6E4EF5E2273E26B6000E5198 /* LibraryPageTests.swift */ = {isa = PBXFileReference; lastKnownFileType = sourcecode.swift; path = LibraryPageTests.swift; sourceTree = "<group>"; };
		6E4EF5E4273E26C8000E5198 /* LibraryMorePageTests.swift */ = {isa = PBXFileReference; lastKnownFileType = sourcecode.swift; path = LibraryMorePageTests.swift; sourceTree = "<group>"; };
		6E4EF5E6273E26DC000E5198 /* ConfigPageTests.swift */ = {isa = PBXFileReference; lastKnownFileType = sourcecode.swift; path = ConfigPageTests.swift; sourceTree = "<group>"; };
		6E535F8A26C46DC9003A1A8F /* MainView.swift */ = {isa = PBXFileReference; lastKnownFileType = sourcecode.swift; path = MainView.swift; sourceTree = "<group>"; };
		6E535F8C26C472F2003A1A8F /* BookInfo.swift */ = {isa = PBXFileReference; lastKnownFileType = sourcecode.swift; path = BookInfo.swift; sourceTree = "<group>"; };
		6E67D49726F1B1B00037F17A /* BlankView.swift */ = {isa = PBXFileReference; lastKnownFileType = sourcecode.swift; path = BlankView.swift; sourceTree = "<group>"; };
		6E923B7926E02070000E56B4 /* Functions.swift */ = {isa = PBXFileReference; lastKnownFileType = sourcecode.swift; path = Functions.swift; sourceTree = "<group>"; };
		6E923B7B26E0326C000E56B4 /* strings.swift */ = {isa = PBXFileReference; lastKnownFileType = sourcecode.swift; path = strings.swift; sourceTree = "<group>"; };
		6E9975DB26E063AE00443057 /* HomeBookButton.swift */ = {isa = PBXFileReference; lastKnownFileType = sourcecode.swift; path = HomeBookButton.swift; sourceTree = "<group>"; };
		6EACE72226CEE9CB0063BAD5 /* DownloadImage.swift */ = {isa = PBXFileReference; lastKnownFileType = sourcecode.swift; path = DownloadImage.swift; sourceTree = "<group>"; };
		6EB498B8274F26450019A843 /* ReadingBottomBar.swift */ = {isa = PBXFileReference; lastKnownFileType = sourcecode.swift; path = ReadingBottomBar.swift; sourceTree = "<group>"; };
		6ED7B48F26B9AD92005DDB48 /* splashscreen.swift */ = {isa = PBXFileReference; lastKnownFileType = sourcecode.swift; path = splashscreen.swift; sourceTree = "<group>"; };
		6EF42FBA273C7F6200E21F7D /* DownloadImageTests.swift */ = {isa = PBXFileReference; lastKnownFileType = sourcecode.swift; path = DownloadImageTests.swift; sourceTree = "<group>"; };
		6EF42FBC273CA4BF00E21F7D /* FunctionsTest.swift */ = {isa = PBXFileReference; lastKnownFileType = sourcecode.swift; path = FunctionsTest.swift; sourceTree = "<group>"; };
		6EF42FC2273CC7CC00E21F7D /* bookInfoInitTests.swift */ = {isa = PBXFileReference; lastKnownFileType = sourcecode.swift; path = bookInfoInitTests.swift; sourceTree = "<group>"; };
		6EF42FC8273CDCB400E21F7D /* ImageLoader.swift */ = {isa = PBXFileReference; lastKnownFileType = sourcecode.swift; path = ImageLoader.swift; sourceTree = "<group>"; };
		6EF42FCA273CE54500E21F7D /* ContentViewTests.swift */ = {isa = PBXFileReference; lastKnownFileType = sourcecode.swift; path = ContentViewTests.swift; sourceTree = "<group>"; };
		866C1F2026B46A9800D59699 /* Libbris.xctestplan */ = {isa = PBXFileReference; lastKnownFileType = text; path = Libbris.xctestplan; sourceTree = "<group>"; };
		866C1F2126B4E1E900D59699 /* gemfile */ = {isa = PBXFileReference; lastKnownFileType = text; path = gemfile; sourceTree = "<group>"; };
		8D462A742739E3EE0016C74E /* SearchResults.swift */ = {isa = PBXFileReference; lastKnownFileType = sourcecode.swift; path = SearchResults.swift; sourceTree = "<group>"; };
		8DCB989526EFD65D00C4E372 /* MoreBooksPage.swift */ = {isa = PBXFileReference; lastKnownFileType = sourcecode.swift; path = MoreBooksPage.swift; sourceTree = "<group>"; };
		8DF56EE02745A1FF002ECDFA /* BookCatalog.swift */ = {isa = PBXFileReference; lastKnownFileType = sourcecode.swift; path = BookCatalog.swift; sourceTree = "<group>"; };
/* End PBXFileReference section */

/* Begin PBXFrameworksBuildPhase section */
		6E0308A126A7D9350030753C /* Frameworks */ = {
			isa = PBXFrameworksBuildPhase;
			buildActionMask = 2147483647;
			files = (
			);
			runOnlyForDeploymentPostprocessing = 0;
		};
		6E0308B226A7D9360030753C /* Frameworks */ = {
			isa = PBXFrameworksBuildPhase;
			buildActionMask = 2147483647;
			files = (
			);
			runOnlyForDeploymentPostprocessing = 0;
		};
		6E0308BD26A7D9360030753C /* Frameworks */ = {
			isa = PBXFrameworksBuildPhase;
			buildActionMask = 2147483647;
			files = (
			);
			runOnlyForDeploymentPostprocessing = 0;
		};
/* End PBXFrameworksBuildPhase section */

/* Begin PBXGroup section */
		6E03089B26A7D9350030753C = {
			isa = PBXGroup;
			children = (
				866C1F2126B4E1E900D59699 /* gemfile */,
				6E0308A626A7D9350030753C /* Libbris */,
				6E0308B826A7D9360030753C /* LibbrisTests */,
				6E0308C326A7D9360030753C /* LibbrisUITests */,
				6E0308A526A7D9350030753C /* Products */,
			);
			sourceTree = "<group>";
		};
		6E0308A526A7D9350030753C /* Products */ = {
			isa = PBXGroup;
			children = (
				6E0308A426A7D9350030753C /* Libbris.app */,
				6E0308B526A7D9360030753C /* LibbrisTests.xctest */,
				6E0308C026A7D9360030753C /* LibbrisUITests.xctest */,
			);
			name = Products;
			sourceTree = "<group>";
		};
		6E0308A626A7D9350030753C /* Libbris */ = {
			isa = PBXGroup;
			children = (
				6E2AE92227247D6600081BA0 /* Utils */,
				6E26FD4B270B9F0E000EFF6E /* AppViews */,
				6E03209026F1317400981B15 /* Resources */,
				6E0308A726A7D9350030753C /* LibbrisApp.swift */,
				6E67D49726F1B1B00037F17A /* BlankView.swift */,
				6E4492EB26D448E700313F8E /* Localizable.strings */,
				6E0308AB26A7D9350030753C /* Assets.xcassets */,
				6E0308B026A7D9350030753C /* Info.plist */,
				6E0308D226A7DD520030753C /* Launch Screen.storyboard */,
			);
			path = Libbris;
			sourceTree = "<group>";
		};
		6E0308B826A7D9360030753C /* LibbrisTests */ = {
			isa = PBXGroup;
			children = (
				6E0308B926A7D9360030753C /* LibbrisTests.swift */,
				6E0308BB26A7D9360030753C /* Info.plist */,
				866C1F2026B46A9800D59699 /* Libbris.xctestplan */,
				6EF42FBA273C7F6200E21F7D /* DownloadImageTests.swift */,
				6EF42FBC273CA4BF00E21F7D /* FunctionsTest.swift */,
				6EF42FC2273CC7CC00E21F7D /* bookInfoInitTests.swift */,
				6E4EF5D6273DD5E1000E5198 /* DownloadDataTest.swift */,
				6E4EF5D8273DDAD2000E5198 /* ImageLoaderTests.swift */,
				6E4EF5DA273DDD97000E5198 /* LocalJsonFileManagerTests.swift */,
				6E4EF5DC273DDDC0000E5198 /* DownloadJsonTests.swift */,
			);
			path = LibbrisTests;
			sourceTree = "<group>";
		};
		6E0308C326A7D9360030753C /* LibbrisUITests */ = {
			isa = PBXGroup;
			children = (
				6E0308C426A7D9360030753C /* LibbrisUITests.swift */,
				6E0308C626A7D9360030753C /* Info.plist */,
				6EF42FCA273CE54500E21F7D /* ContentViewTests.swift */,
				6E4EF5CC273D7B5E000E5198 /* SplashScreenTests.swift */,
				6E4EF5E0273E26A2000E5198 /* HomePageTests.swift */,
				6E4EF5E2273E26B6000E5198 /* LibraryPageTests.swift */,
				6E4EF5E4273E26C8000E5198 /* LibraryMorePageTests.swift */,
				6E4EF5E6273E26DC000E5198 /* ConfigPageTests.swift */,
			);
			path = LibbrisUITests;
			sourceTree = "<group>";
		};
		6E03209026F1317400981B15 /* Resources */ = {
			isa = PBXGroup;
			children = (
				6E03209126F1318000981B15 /* fonts */,
			);
			path = Resources;
			sourceTree = "<group>";
		};
		6E03209126F1318000981B15 /* fonts */ = {
			isa = PBXGroup;
			children = (
				6E03209926F131D100981B15 /* Dosis-Bold.ttf */,
				6E03209826F131D100981B15 /* Dosis-ExtraBold.ttf */,
				6E03209426F131D000981B15 /* Dosis-ExtraLight.ttf */,
				6E03209626F131D100981B15 /* Dosis-Light.ttf */,
				6E03209326F131D000981B15 /* Dosis-Medium.ttf */,
				6E03209226F131D000981B15 /* Dosis-Regular.ttf */,
				6E03209726F131D100981B15 /* Dosis-SemiBold.ttf */,
				6E03209526F131D100981B15 /* Dosis-VariableFont_wght.ttf */,
			);
			path = fonts;
			sourceTree = "<group>";
		};
		6E26FD4B270B9F0E000EFF6E /* AppViews */ = {
			isa = PBXGroup;
			children = (
				6E2AE9242724836B00081BA0 /* Reading */,
				6E2AE92327247DD300081BA0 /* HomePage */,
				6E2AE92127247D4400081BA0 /* ConfigPage */,
				6E2AE91F27247D0F00081BA0 /* BookShelf */,
				6ED7B48F26B9AD92005DDB48 /* splashscreen.swift */,
				6E0308A926A7D9350030753C /* ContentView.swift */,
				6E2AE9252724888000081BA0 /* TopBarBackGround.swift */,
			);
			path = AppViews;
			sourceTree = "<group>";
		};
		6E2AE91F27247D0F00081BA0 /* BookShelf */ = {
			isa = PBXGroup;
			children = (
				6E25E76026EB299E008B26AF /* LibraryBook.swift */,
				6E0320AA26F1385000981B15 /* LibraryBookVertical.swift */,
				8DCB989526EFD65D00C4E372 /* MoreBooksPage.swift */,
				6E0320B326F1552800981B15 /* TabBarView.swift */,
				6E31CD5626F278F000956223 /* BookList.swift */,
				6E1E89B826EA87F8008EB44D /* BookShelf.swift */,
				6E2AE92C272491D100081BA0 /* BookShelfTopBar.swift */,
				8D462A742739E3EE0016C74E /* SearchResults.swift */,
				6E4EF5CE273DABE6000E5198 /* BookCoverImg.swift */,
				6E4EF5D0273DB856000E5198 /* BookTitle.swift */,
				6E4EF5D2273DB864000E5198 /* BookAuthor.swift */,
				6E4EF5D4273DB871000E5198 /* BookSummary.swift */,
				8DF56EE02745A1FF002ECDFA /* BookCatalog.swift */,
			);
			path = BookShelf;
			sourceTree = "<group>";
		};
		6E2AE92127247D4400081BA0 /* ConfigPage */ = {
			isa = PBXGroup;
			children = (
				6E4492DC26D40E8300313F8E /* InfoPage.swift */,
				6E4492E526D443DE00313F8E /* LanguagePage.swift */,
				6E4492DA26D40E3E00313F8E /* ConfigPage.swift */,
				6E2AE92A27248D2800081BA0 /* ConfigPageTopBar.swift */,
			);
			path = ConfigPage;
			sourceTree = "<group>";
		};
		6E2AE92227247D6600081BA0 /* Utils */ = {
			isa = PBXGroup;
			children = (
				6EACE72226CEE9CB0063BAD5 /* DownloadImage.swift */,
				6E535F8C26C472F2003A1A8F /* BookInfo.swift */,
				6E923B7926E02070000E56B4 /* Functions.swift */,
				6E4492EE26D4554F00313F8E /* DownloadJson.swift */,
				6EF42FC8273CDCB400E21F7D /* ImageLoader.swift */,
				6E2AE92E2724BB7300081BA0 /* DownloadData.swift */,
				6E0037E326FD66DD00DD8A2A /* LocalJsonFileManager.swift */,
				6E923B7B26E0326C000E56B4 /* strings.swift */,
			);
			path = Utils;
			sourceTree = "<group>";
		};
		6E2AE92327247DD300081BA0 /* HomePage */ = {
			isa = PBXGroup;
			children = (
				6E535F8A26C46DC9003A1A8F /* MainView.swift */,
				6E9975DB26E063AE00443057 /* HomeBookButton.swift */,
				6E2AE92827248B0100081BA0 /* HomePageTopBar.swift */,
			);
			path = HomePage;
			sourceTree = "<group>";
		};
		6E2AE9242724836B00081BA0 /* Reading */ = {
			isa = PBXGroup;
			children = (
				6EB498B8274F26450019A843 /* ReadingBottomBar.swift */,
				6E0C45A52728EC2C002D3A4A /* ReadingBookChapters.swift */,
				0132B803273330ED00E25915 /* TouchLocatingView.swift */,
				01053542274EC8A600307D58 /* AppDelegate.swift */,
			);
			path = Reading;
			sourceTree = "<group>";
		};
/* End PBXGroup section */

/* Begin PBXNativeTarget section */
		6E0308A326A7D9350030753C /* Libbris */ = {
			isa = PBXNativeTarget;
			buildConfigurationList = 6E0308C926A7D9360030753C /* Build configuration list for PBXNativeTarget "Libbris" */;
			buildPhases = (
				6E0308A026A7D9350030753C /* Sources */,
				6E0308A126A7D9350030753C /* Frameworks */,
				6E0308A226A7D9350030753C /* Resources */,
				6E0629CE27370D0D00440023 /* ShellScript */,
			);
			buildRules = (
			);
			dependencies = (
			);
			name = Libbris;
			productName = Libbris;
			productReference = 6E0308A426A7D9350030753C /* Libbris.app */;
			productType = "com.apple.product-type.application";
		};
		6E0308B426A7D9360030753C /* LibbrisTests */ = {
			isa = PBXNativeTarget;
			buildConfigurationList = 6E0308CC26A7D9360030753C /* Build configuration list for PBXNativeTarget "LibbrisTests" */;
			buildPhases = (
				6E0308B126A7D9360030753C /* Sources */,
				6E0308B226A7D9360030753C /* Frameworks */,
				6E0308B326A7D9360030753C /* Resources */,
			);
			buildRules = (
			);
			dependencies = (
				6E0308B726A7D9360030753C /* PBXTargetDependency */,
			);
			name = LibbrisTests;
			productName = LibbrisTests;
			productReference = 6E0308B526A7D9360030753C /* LibbrisTests.xctest */;
			productType = "com.apple.product-type.bundle.unit-test";
		};
		6E0308BF26A7D9360030753C /* LibbrisUITests */ = {
			isa = PBXNativeTarget;
			buildConfigurationList = 6E0308CF26A7D9360030753C /* Build configuration list for PBXNativeTarget "LibbrisUITests" */;
			buildPhases = (
				6E0308BC26A7D9360030753C /* Sources */,
				6E0308BD26A7D9360030753C /* Frameworks */,
				6E0308BE26A7D9360030753C /* Resources */,
			);
			buildRules = (
			);
			dependencies = (
				6E0308C226A7D9360030753C /* PBXTargetDependency */,
			);
			name = LibbrisUITests;
			productName = LibbrisUITests;
			productReference = 6E0308C026A7D9360030753C /* LibbrisUITests.xctest */;
			productType = "com.apple.product-type.bundle.ui-testing";
		};
/* End PBXNativeTarget section */

/* Begin PBXProject section */
		6E03089C26A7D9350030753C /* Project object */ = {
			isa = PBXProject;
			attributes = {
				LastSwiftUpdateCheck = 1250;
				LastUpgradeCheck = 1300;
				TargetAttributes = {
					6E0308A326A7D9350030753C = {
						CreatedOnToolsVersion = 12.5.1;
					};
					6E0308B426A7D9360030753C = {
						CreatedOnToolsVersion = 12.5.1;
						TestTargetID = 6E0308A326A7D9350030753C;
					};
					6E0308BF26A7D9360030753C = {
						CreatedOnToolsVersion = 12.5.1;
						TestTargetID = 6E0308A326A7D9350030753C;
					};
				};
			};
			buildConfigurationList = 6E03089F26A7D9350030753C /* Build configuration list for PBXProject "Libbris" */;
			compatibilityVersion = "Xcode 9.3";
			developmentRegion = en;
			hasScannedForEncodings = 0;
			knownRegions = (
				en,
				"zh-Hans",
				fr,
				Base,
			);
			mainGroup = 6E03089B26A7D9350030753C;
			productRefGroup = 6E0308A526A7D9350030753C /* Products */;
			projectDirPath = "";
			projectRoot = "";
			targets = (
				6E0308A326A7D9350030753C /* Libbris */,
				6E0308B426A7D9360030753C /* LibbrisTests */,
				6E0308BF26A7D9360030753C /* LibbrisUITests */,
			);
		};
/* End PBXProject section */

/* Begin PBXResourcesBuildPhase section */
		6E0308A226A7D9350030753C /* Resources */ = {
			isa = PBXResourcesBuildPhase;
			buildActionMask = 2147483647;
			files = (
				866C1F2226B4E1E900D59699 /* gemfile in Resources */,
				6E0320A226F131D100981B15 /* Dosis-Light.ttf in Resources */,
				6E03209A26F131D100981B15 /* Dosis-Regular.ttf in Resources */,
				6E03209C26F131D100981B15 /* Dosis-Medium.ttf in Resources */,
				6E03209E26F131D100981B15 /* Dosis-ExtraLight.ttf in Resources */,
				6E0320A026F131D100981B15 /* Dosis-VariableFont_wght.ttf in Resources */,
				6E0320A826F131D100981B15 /* Dosis-Bold.ttf in Resources */,
				6E0320A626F131D100981B15 /* Dosis-ExtraBold.ttf in Resources */,
				6E4492E926D448E700313F8E /* Localizable.strings in Resources */,
				6E0308D326A7DD520030753C /* Launch Screen.storyboard in Resources */,
				6E0320A426F131D100981B15 /* Dosis-SemiBold.ttf in Resources */,
				6E0308AC26A7D9350030753C /* Assets.xcassets in Resources */,
			);
			runOnlyForDeploymentPostprocessing = 0;
		};
		6E0308B326A7D9360030753C /* Resources */ = {
			isa = PBXResourcesBuildPhase;
			buildActionMask = 2147483647;
			files = (
			);
			runOnlyForDeploymentPostprocessing = 0;
		};
		6E0308BE26A7D9360030753C /* Resources */ = {
			isa = PBXResourcesBuildPhase;
			buildActionMask = 2147483647;
			files = (
				6E0320A126F131D100981B15 /* Dosis-VariableFont_wght.ttf in Resources */,
				6E03209D26F131D100981B15 /* Dosis-Medium.ttf in Resources */,
				6E0320A926F131D100981B15 /* Dosis-Bold.ttf in Resources */,
				6E0320A526F131D100981B15 /* Dosis-SemiBold.ttf in Resources */,
				6E03209B26F131D100981B15 /* Dosis-Regular.ttf in Resources */,
				6E0320A726F131D100981B15 /* Dosis-ExtraBold.ttf in Resources */,
				6E0320A326F131D100981B15 /* Dosis-Light.ttf in Resources */,
				6E03209F26F131D100981B15 /* Dosis-ExtraLight.ttf in Resources */,
			);
			runOnlyForDeploymentPostprocessing = 0;
		};
/* End PBXResourcesBuildPhase section */

/* Begin PBXShellScriptBuildPhase section */
		6E0629CE27370D0D00440023 /* ShellScript */ = {
			isa = PBXShellScriptBuildPhase;
			buildActionMask = 2147483647;
			files = (
			);
			inputFileListPaths = (
			);
			inputPaths = (
			);
			outputFileListPaths = (
			);
			outputPaths = (
			);
			runOnlyForDeploymentPostprocessing = 0;
			shellPath = /bin/sh;
			shellScript = "# Type a script or drag a script file from your workspace to insert its path.\nif test -d \"/opt/homebrew/bin/\"; then\n  PATH=\"/opt/homebrew/bin/:${PATH}\"\nfi\n\nexport PATH\n\nif which swiftlint >/dev/null; then\n  swiftlint\nelse\n  echo \"warning: SwiftLint not installed, download from https://github.com/realm/SwiftLint\"\nfi\n";
		};
/* End PBXShellScriptBuildPhase section */

/* Begin PBXSourcesBuildPhase section */
		6E0308A026A7D9350030753C /* Sources */ = {
			isa = PBXSourcesBuildPhase;
			buildActionMask = 2147483647;
			files = (
				6E535F8D26C472F2003A1A8F /* BookInfo.swift in Sources */,
				6EB498B9274F26450019A843 /* ReadingBottomBar.swift in Sources */,
				6E4492EF26D4554F00313F8E /* DownloadJson.swift in Sources */,
				6EF42FC9273CDCB400E21F7D /* ImageLoader.swift in Sources */,
				6E0320B426F1552800981B15 /* TabBarView.swift in Sources */,
				6E25E76126EB299E008B26AF /* LibraryBook.swift in Sources */,
				6E923B7A26E02070000E56B4 /* Functions.swift in Sources */,
				6E2AE92D272491D100081BA0 /* BookShelfTopBar.swift in Sources */,
				8DCB989626EFD65D00C4E372 /* MoreBooksPage.swift in Sources */,
				6E4492DB26D40E3E00313F8E /* ConfigPage.swift in Sources */,
				6E9975DC26E063AE00443057 /* HomeBookButton.swift in Sources */,
				6E923B7C26E0326C000E56B4 /* strings.swift in Sources */,
				01053543274EC8A600307D58 /* AppDelegate.swift in Sources */,
				6EACE72326CEE9CB0063BAD5 /* DownloadImage.swift in Sources */,
				6E2AE9302724E31C00081BA0 /* DownloadData.swift in Sources */,
				6E4492E626D443DE00313F8E /* LanguagePage.swift in Sources */,
				0132B804273330ED00E25915 /* TouchLocatingView.swift in Sources */,
				6E1E89B926EA87F8008EB44D /* BookShelf.swift in Sources */,
				6E0320AB26F1385000981B15 /* LibraryBookVertical.swift in Sources */,
				6E67D49826F1B1B00037F17A /* BlankView.swift in Sources */,
				6E4492DD26D40E8300313F8E /* InfoPage.swift in Sources */,
				6E4EF5D3273DB864000E5198 /* BookAuthor.swift in Sources */,
				6E4EF5CF273DABE6000E5198 /* BookCoverImg.swift in Sources */,
				8DF56EE12745A1FF002ECDFA /* BookCatalog.swift in Sources */,
				6E4EF5D5273DB871000E5198 /* BookSummary.swift in Sources */,
				6E0C45A62728EC2C002D3A4A /* ReadingBookChapters.swift in Sources */,
				6E31CD5726F278F000956223 /* BookList.swift in Sources */,
				6E4EF5D1273DB856000E5198 /* BookTitle.swift in Sources */,
				6E0308AA26A7D9350030753C /* ContentView.swift in Sources */,
				6E2AE9262724888000081BA0 /* TopBarBackGround.swift in Sources */,
				8D462A752739E3EE0016C74E /* SearchResults.swift in Sources */,
				6E0308A826A7D9350030753C /* LibbrisApp.swift in Sources */,
				6E0037E426FD66DD00DD8A2A /* LocalJsonFileManager.swift in Sources */,
				6E2AE92927248B0100081BA0 /* HomePageTopBar.swift in Sources */,
				6E2AE92B27248D2800081BA0 /* ConfigPageTopBar.swift in Sources */,
				6ED7B49026B9AD92005DDB48 /* splashscreen.swift in Sources */,
				6E535F8B26C46DC9003A1A8F /* MainView.swift in Sources */,
			);
			runOnlyForDeploymentPostprocessing = 0;
		};
		6E0308B126A7D9360030753C /* Sources */ = {
			isa = PBXSourcesBuildPhase;
			buildActionMask = 2147483647;
			files = (
				6EF42FBD273CA4BF00E21F7D /* FunctionsTest.swift in Sources */,
				6E4EF5D9273DDAD2000E5198 /* ImageLoaderTests.swift in Sources */,
				6EF42FBB273C7F6200E21F7D /* DownloadImageTests.swift in Sources */,
				6E4EF5DB273DDD97000E5198 /* LocalJsonFileManagerTests.swift in Sources */,
				6E4EF5DD273DDDC0000E5198 /* DownloadJsonTests.swift in Sources */,
				6E0308BA26A7D9360030753C /* LibbrisTests.swift in Sources */,
				6EF42FC3273CC7CC00E21F7D /* bookInfoInitTests.swift in Sources */,
				6E4EF5D7273DD5E1000E5198 /* DownloadDataTest.swift in Sources */,
			);
			runOnlyForDeploymentPostprocessing = 0;
		};
		6E0308BC26A7D9360030753C /* Sources */ = {
			isa = PBXSourcesBuildPhase;
			buildActionMask = 2147483647;
			files = (
				6E6C428626E1C80600202A9E /* LibbrisUITests.swift in Sources */,
				6E4EF5E7273E26DC000E5198 /* ConfigPageTests.swift in Sources */,
				6E4EF5E5273E26C8000E5198 /* LibraryMorePageTests.swift in Sources */,
				6EF42FCB273CE54500E21F7D /* ContentViewTests.swift in Sources */,
				6E4EF5E3273E26B6000E5198 /* LibraryPageTests.swift in Sources */,
				6E4EF5CD273D7B5E000E5198 /* SplashScreenTests.swift in Sources */,
				6E4EF5E1273E26A2000E5198 /* HomePageTests.swift in Sources */,
			);
			runOnlyForDeploymentPostprocessing = 0;
		};
/* End PBXSourcesBuildPhase section */

/* Begin PBXTargetDependency section */
		6E0308B726A7D9360030753C /* PBXTargetDependency */ = {
			isa = PBXTargetDependency;
			target = 6E0308A326A7D9350030753C /* Libbris */;
			targetProxy = 6E0308B626A7D9360030753C /* PBXContainerItemProxy */;
		};
		6E0308C226A7D9360030753C /* PBXTargetDependency */ = {
			isa = PBXTargetDependency;
			target = 6E0308A326A7D9350030753C /* Libbris */;
			targetProxy = 6E0308C126A7D9360030753C /* PBXContainerItemProxy */;
		};
/* End PBXTargetDependency section */

/* Begin PBXVariantGroup section */
		6E4492EB26D448E700313F8E /* Localizable.strings */ = {
			isa = PBXVariantGroup;
			children = (
				6E4492EA26D448E700313F8E /* en */,
				6E4492EC26D448EC00313F8E /* zh-Hans */,
				6E4492ED26D448EF00313F8E /* fr */,
			);
			name = Localizable.strings;
			sourceTree = "<group>";
		};
/* End PBXVariantGroup section */

/* Begin XCBuildConfiguration section */
		6E0308C726A7D9360030753C /* Debug */ = {
			isa = XCBuildConfiguration;
			buildSettings = {
				ALWAYS_SEARCH_USER_PATHS = NO;
				CLANG_ANALYZER_LOCALIZABILITY_NONLOCALIZED = YES;
				CLANG_ANALYZER_NONNULL = YES;
				CLANG_ANALYZER_NUMBER_OBJECT_CONVERSION = YES_AGGRESSIVE;
				CLANG_CXX_LANGUAGE_STANDARD = "gnu++14";
				CLANG_CXX_LIBRARY = "libc++";
				CLANG_ENABLE_MODULES = YES;
				CLANG_ENABLE_OBJC_ARC = YES;
				CLANG_ENABLE_OBJC_WEAK = YES;
				CLANG_WARN_BLOCK_CAPTURE_AUTORELEASING = YES;
				CLANG_WARN_BOOL_CONVERSION = YES;
				CLANG_WARN_COMMA = YES;
				CLANG_WARN_CONSTANT_CONVERSION = YES;
				CLANG_WARN_DEPRECATED_OBJC_IMPLEMENTATIONS = YES;
				CLANG_WARN_DIRECT_OBJC_ISA_USAGE = YES_ERROR;
				CLANG_WARN_DOCUMENTATION_COMMENTS = YES;
				CLANG_WARN_EMPTY_BODY = YES;
				CLANG_WARN_ENUM_CONVERSION = YES;
				CLANG_WARN_INFINITE_RECURSION = YES;
				CLANG_WARN_INT_CONVERSION = YES;
				CLANG_WARN_NON_LITERAL_NULL_CONVERSION = YES;
				CLANG_WARN_OBJC_IMPLICIT_RETAIN_SELF = YES;
				CLANG_WARN_OBJC_LITERAL_CONVERSION = YES;
				CLANG_WARN_OBJC_ROOT_CLASS = YES_ERROR;
				CLANG_WARN_QUOTED_INCLUDE_IN_FRAMEWORK_HEADER = YES;
				CLANG_WARN_RANGE_LOOP_ANALYSIS = YES;
				CLANG_WARN_STRICT_PROTOTYPES = YES;
				CLANG_WARN_SUSPICIOUS_MOVE = YES;
				CLANG_WARN_UNGUARDED_AVAILABILITY = YES_AGGRESSIVE;
				CLANG_WARN_UNREACHABLE_CODE = YES;
				CLANG_WARN__DUPLICATE_METHOD_MATCH = YES;
				COPY_PHASE_STRIP = NO;
				DEBUG_INFORMATION_FORMAT = dwarf;
				ENABLE_STRICT_OBJC_MSGSEND = YES;
				ENABLE_TESTABILITY = YES;
				GCC_C_LANGUAGE_STANDARD = gnu11;
				GCC_DYNAMIC_NO_PIC = NO;
				GCC_NO_COMMON_BLOCKS = YES;
				GCC_OPTIMIZATION_LEVEL = 0;
				GCC_PREPROCESSOR_DEFINITIONS = (
					"DEBUG=1",
					"$(inherited)",
				);
				GCC_WARN_64_TO_32_BIT_CONVERSION = YES;
				GCC_WARN_ABOUT_RETURN_TYPE = YES_ERROR;
				GCC_WARN_UNDECLARED_SELECTOR = YES;
				GCC_WARN_UNINITIALIZED_AUTOS = YES_AGGRESSIVE;
				GCC_WARN_UNUSED_FUNCTION = YES;
				GCC_WARN_UNUSED_VARIABLE = YES;
				IPHONEOS_DEPLOYMENT_TARGET = 14.5;
				MTL_ENABLE_DEBUG_INFO = INCLUDE_SOURCE;
				MTL_FAST_MATH = YES;
				ONLY_ACTIVE_ARCH = YES;
				SDKROOT = iphoneos;
				SWIFT_ACTIVE_COMPILATION_CONDITIONS = DEBUG;
				SWIFT_OPTIMIZATION_LEVEL = "-Onone";
			};
			name = Debug;
		};
		6E0308C826A7D9360030753C /* Release */ = {
			isa = XCBuildConfiguration;
			buildSettings = {
				ALWAYS_SEARCH_USER_PATHS = NO;
				CLANG_ANALYZER_LOCALIZABILITY_NONLOCALIZED = YES;
				CLANG_ANALYZER_NONNULL = YES;
				CLANG_ANALYZER_NUMBER_OBJECT_CONVERSION = YES_AGGRESSIVE;
				CLANG_CXX_LANGUAGE_STANDARD = "gnu++14";
				CLANG_CXX_LIBRARY = "libc++";
				CLANG_ENABLE_MODULES = YES;
				CLANG_ENABLE_OBJC_ARC = YES;
				CLANG_ENABLE_OBJC_WEAK = YES;
				CLANG_WARN_BLOCK_CAPTURE_AUTORELEASING = YES;
				CLANG_WARN_BOOL_CONVERSION = YES;
				CLANG_WARN_COMMA = YES;
				CLANG_WARN_CONSTANT_CONVERSION = YES;
				CLANG_WARN_DEPRECATED_OBJC_IMPLEMENTATIONS = YES;
				CLANG_WARN_DIRECT_OBJC_ISA_USAGE = YES_ERROR;
				CLANG_WARN_DOCUMENTATION_COMMENTS = YES;
				CLANG_WARN_EMPTY_BODY = YES;
				CLANG_WARN_ENUM_CONVERSION = YES;
				CLANG_WARN_INFINITE_RECURSION = YES;
				CLANG_WARN_INT_CONVERSION = YES;
				CLANG_WARN_NON_LITERAL_NULL_CONVERSION = YES;
				CLANG_WARN_OBJC_IMPLICIT_RETAIN_SELF = YES;
				CLANG_WARN_OBJC_LITERAL_CONVERSION = YES;
				CLANG_WARN_OBJC_ROOT_CLASS = YES_ERROR;
				CLANG_WARN_QUOTED_INCLUDE_IN_FRAMEWORK_HEADER = YES;
				CLANG_WARN_RANGE_LOOP_ANALYSIS = YES;
				CLANG_WARN_STRICT_PROTOTYPES = YES;
				CLANG_WARN_SUSPICIOUS_MOVE = YES;
				CLANG_WARN_UNGUARDED_AVAILABILITY = YES_AGGRESSIVE;
				CLANG_WARN_UNREACHABLE_CODE = YES;
				CLANG_WARN__DUPLICATE_METHOD_MATCH = YES;
				COPY_PHASE_STRIP = NO;
				DEBUG_INFORMATION_FORMAT = "dwarf-with-dsym";
				ENABLE_NS_ASSERTIONS = NO;
				ENABLE_STRICT_OBJC_MSGSEND = YES;
				GCC_C_LANGUAGE_STANDARD = gnu11;
				GCC_NO_COMMON_BLOCKS = YES;
				GCC_WARN_64_TO_32_BIT_CONVERSION = YES;
				GCC_WARN_ABOUT_RETURN_TYPE = YES_ERROR;
				GCC_WARN_UNDECLARED_SELECTOR = YES;
				GCC_WARN_UNINITIALIZED_AUTOS = YES_AGGRESSIVE;
				GCC_WARN_UNUSED_FUNCTION = YES;
				GCC_WARN_UNUSED_VARIABLE = YES;
				IPHONEOS_DEPLOYMENT_TARGET = 14.5;
				MTL_ENABLE_DEBUG_INFO = NO;
				MTL_FAST_MATH = YES;
				SDKROOT = iphoneos;
				SWIFT_COMPILATION_MODE = wholemodule;
				SWIFT_OPTIMIZATION_LEVEL = "-O";
				VALIDATE_PRODUCT = YES;
			};
			name = Release;
		};
		6E0308CA26A7D9360030753C /* Debug */ = {
			isa = XCBuildConfiguration;
			buildSettings = {
				ASSETCATALOG_COMPILER_APPICON_NAME = AppIcon;
				ASSETCATALOG_COMPILER_GLOBAL_ACCENT_COLOR_NAME = AccentColor;
				CODE_SIGN_STYLE = Automatic;
				DEVELOPMENT_ASSET_PATHS = "\"Libbris/Preview Content\"";
				DEVELOPMENT_TEAM = TJ6JN796CP;
				ENABLE_PREVIEWS = YES;
				ENABLE_TESTABILITY = YES;
				GCC_NO_COMMON_BLOCKS = NO;
				INFOPLIST_FILE = Libbris/Info.plist;
				IPHONEOS_DEPLOYMENT_TARGET = 14.5;
				LD_RUNPATH_SEARCH_PATHS = (
					"$(inherited)",
					"@executable_path/Frameworks",
				);
				PRODUCT_BUNDLE_IDENTIFIER = com.panda.SampleApp.Libbris;
				PRODUCT_NAME = "$(TARGET_NAME)";
				SWIFT_VERSION = 5.0;
				TARGETED_DEVICE_FAMILY = 1;
			};
			name = Debug;
		};
		6E0308CB26A7D9360030753C /* Release */ = {
			isa = XCBuildConfiguration;
			buildSettings = {
				ASSETCATALOG_COMPILER_APPICON_NAME = AppIcon;
				ASSETCATALOG_COMPILER_GLOBAL_ACCENT_COLOR_NAME = AccentColor;
				CODE_SIGN_STYLE = Automatic;
				DEVELOPMENT_ASSET_PATHS = "\"Libbris/Preview Content\"";
				DEVELOPMENT_TEAM = TJ6JN796CP;
				ENABLE_PREVIEWS = YES;
				ENABLE_TESTABILITY = YES;
				GCC_NO_COMMON_BLOCKS = NO;
				INFOPLIST_FILE = Libbris/Info.plist;
				IPHONEOS_DEPLOYMENT_TARGET = 14.5;
				LD_RUNPATH_SEARCH_PATHS = (
					"$(inherited)",
					"@executable_path/Frameworks",
				);
				PRODUCT_BUNDLE_IDENTIFIER = com.panda.SampleApp.Libbris;
				PRODUCT_NAME = "$(TARGET_NAME)";
				SWIFT_VERSION = 5.0;
				TARGETED_DEVICE_FAMILY = 1;
			};
			name = Release;
		};
		6E0308CD26A7D9360030753C /* Debug */ = {
			isa = XCBuildConfiguration;
			buildSettings = {
				ALWAYS_EMBED_SWIFT_STANDARD_LIBRARIES = YES;
				BUNDLE_LOADER = "$(TEST_HOST)";
				CODE_SIGN_STYLE = Automatic;
				DEVELOPMENT_TEAM = TJ6JN796CP;
				INFOPLIST_FILE = LibbrisTests/Info.plist;
				IPHONEOS_DEPLOYMENT_TARGET = 14.5;
				LD_RUNPATH_SEARCH_PATHS = (
					"$(inherited)",
					"@executable_path/Frameworks",
					"@loader_path/Frameworks",
				);
				PRODUCT_BUNDLE_IDENTIFIER = com.panda.SampleApp.LibbrisTests;
				PRODUCT_NAME = "$(TARGET_NAME)";
				SWIFT_VERSION = 5.0;
				TARGETED_DEVICE_FAMILY = "1,2";
				TEST_HOST = "$(BUILT_PRODUCTS_DIR)/Libbris.app/Libbris";
			};
			name = Debug;
		};
		6E0308CE26A7D9360030753C /* Release */ = {
			isa = XCBuildConfiguration;
			buildSettings = {
				ALWAYS_EMBED_SWIFT_STANDARD_LIBRARIES = YES;
				BUNDLE_LOADER = "$(TEST_HOST)";
				CODE_SIGN_STYLE = Automatic;
				DEVELOPMENT_TEAM = TJ6JN796CP;
				INFOPLIST_FILE = LibbrisTests/Info.plist;
				IPHONEOS_DEPLOYMENT_TARGET = 14.5;
				LD_RUNPATH_SEARCH_PATHS = (
					"$(inherited)",
					"@executable_path/Frameworks",
					"@loader_path/Frameworks",
				);
				PRODUCT_BUNDLE_IDENTIFIER = com.panda.SampleApp.LibbrisTests;
				PRODUCT_NAME = "$(TARGET_NAME)";
				SWIFT_VERSION = 5.0;
				TARGETED_DEVICE_FAMILY = "1,2";
				TEST_HOST = "$(BUILT_PRODUCTS_DIR)/Libbris.app/Libbris";
			};
			name = Release;
		};
		6E0308D026A7D9360030753C /* Debug */ = {
			isa = XCBuildConfiguration;
			buildSettings = {
				ALWAYS_EMBED_SWIFT_STANDARD_LIBRARIES = YES;
				CODE_SIGN_STYLE = Automatic;
				DEVELOPMENT_TEAM = TJ6JN796CP;
				INFOPLIST_FILE = LibbrisUITests/Info.plist;
				LD_RUNPATH_SEARCH_PATHS = (
					"$(inherited)",
					"@executable_path/Frameworks",
					"@loader_path/Frameworks",
				);
				PRODUCT_BUNDLE_IDENTIFIER = com.panda.SampleApp.LibbrisUITests;
				PRODUCT_NAME = "$(TARGET_NAME)";
				SWIFT_VERSION = 5.0;
				TARGETED_DEVICE_FAMILY = "1,2";
				TEST_TARGET_NAME = Libbris;
			};
			name = Debug;
		};
		6E0308D126A7D9360030753C /* Release */ = {
			isa = XCBuildConfiguration;
			buildSettings = {
				ALWAYS_EMBED_SWIFT_STANDARD_LIBRARIES = YES;
				CODE_SIGN_STYLE = Automatic;
				DEVELOPMENT_TEAM = TJ6JN796CP;
				INFOPLIST_FILE = LibbrisUITests/Info.plist;
				LD_RUNPATH_SEARCH_PATHS = (
					"$(inherited)",
					"@executable_path/Frameworks",
					"@loader_path/Frameworks",
				);
				PRODUCT_BUNDLE_IDENTIFIER = com.panda.SampleApp.LibbrisUITests;
				PRODUCT_NAME = "$(TARGET_NAME)";
				SWIFT_VERSION = 5.0;
				TARGETED_DEVICE_FAMILY = "1,2";
				TEST_TARGET_NAME = Libbris;
			};
			name = Release;
		};
		6EF42FBE273CA82200E21F7D /* Testing */ = {
			isa = XCBuildConfiguration;
			buildSettings = {
				ALWAYS_SEARCH_USER_PATHS = NO;
				CLANG_ANALYZER_LOCALIZABILITY_NONLOCALIZED = YES;
				CLANG_ANALYZER_NONNULL = YES;
				CLANG_ANALYZER_NUMBER_OBJECT_CONVERSION = YES_AGGRESSIVE;
				CLANG_CXX_LANGUAGE_STANDARD = "gnu++14";
				CLANG_CXX_LIBRARY = "libc++";
				CLANG_ENABLE_MODULES = YES;
				CLANG_ENABLE_OBJC_ARC = YES;
				CLANG_ENABLE_OBJC_WEAK = YES;
				CLANG_WARN_BLOCK_CAPTURE_AUTORELEASING = YES;
				CLANG_WARN_BOOL_CONVERSION = YES;
				CLANG_WARN_COMMA = YES;
				CLANG_WARN_CONSTANT_CONVERSION = YES;
				CLANG_WARN_DEPRECATED_OBJC_IMPLEMENTATIONS = YES;
				CLANG_WARN_DIRECT_OBJC_ISA_USAGE = YES_ERROR;
				CLANG_WARN_DOCUMENTATION_COMMENTS = YES;
				CLANG_WARN_EMPTY_BODY = YES;
				CLANG_WARN_ENUM_CONVERSION = YES;
				CLANG_WARN_INFINITE_RECURSION = YES;
				CLANG_WARN_INT_CONVERSION = YES;
				CLANG_WARN_NON_LITERAL_NULL_CONVERSION = YES;
				CLANG_WARN_OBJC_IMPLICIT_RETAIN_SELF = YES;
				CLANG_WARN_OBJC_LITERAL_CONVERSION = YES;
				CLANG_WARN_OBJC_ROOT_CLASS = YES_ERROR;
				CLANG_WARN_QUOTED_INCLUDE_IN_FRAMEWORK_HEADER = YES;
				CLANG_WARN_RANGE_LOOP_ANALYSIS = YES;
				CLANG_WARN_STRICT_PROTOTYPES = YES;
				CLANG_WARN_SUSPICIOUS_MOVE = YES;
				CLANG_WARN_UNGUARDED_AVAILABILITY = YES_AGGRESSIVE;
				CLANG_WARN_UNREACHABLE_CODE = YES;
				CLANG_WARN__DUPLICATE_METHOD_MATCH = YES;
				COPY_PHASE_STRIP = NO;
				DEBUG_INFORMATION_FORMAT = dwarf;
				ENABLE_STRICT_OBJC_MSGSEND = YES;
				ENABLE_TESTABILITY = YES;
				GCC_C_LANGUAGE_STANDARD = gnu11;
				GCC_DYNAMIC_NO_PIC = NO;
				GCC_NO_COMMON_BLOCKS = YES;
				GCC_OPTIMIZATION_LEVEL = 0;
				GCC_PREPROCESSOR_DEFINITIONS = (
					"DEBUG=1",
					"$(inherited)",
				);
				GCC_WARN_64_TO_32_BIT_CONVERSION = YES;
				GCC_WARN_ABOUT_RETURN_TYPE = YES_ERROR;
				GCC_WARN_UNDECLARED_SELECTOR = YES;
				GCC_WARN_UNINITIALIZED_AUTOS = YES_AGGRESSIVE;
				GCC_WARN_UNUSED_FUNCTION = YES;
				GCC_WARN_UNUSED_VARIABLE = YES;
				IPHONEOS_DEPLOYMENT_TARGET = 14.5;
				MTL_ENABLE_DEBUG_INFO = INCLUDE_SOURCE;
				MTL_FAST_MATH = YES;
				ONLY_ACTIVE_ARCH = YES;
				SDKROOT = iphoneos;
				SWIFT_ACTIVE_COMPILATION_CONDITIONS = TESTING;
				SWIFT_OPTIMIZATION_LEVEL = "-Onone";
			};
			name = Testing;
		};
		6EF42FBF273CA82200E21F7D /* Testing */ = {
			isa = XCBuildConfiguration;
			buildSettings = {
				ASSETCATALOG_COMPILER_APPICON_NAME = AppIcon;
				ASSETCATALOG_COMPILER_GLOBAL_ACCENT_COLOR_NAME = AccentColor;
				CODE_SIGN_STYLE = Automatic;
				DEVELOPMENT_ASSET_PATHS = "\"Libbris/Preview Content\"";
				DEVELOPMENT_TEAM = TJ6JN796CP;
				ENABLE_PREVIEWS = YES;
				ENABLE_TESTABILITY = YES;
				GCC_NO_COMMON_BLOCKS = NO;
				INFOPLIST_FILE = Libbris/Info.plist;
				IPHONEOS_DEPLOYMENT_TARGET = 14.5;
				LD_RUNPATH_SEARCH_PATHS = (
					"$(inherited)",
					"@executable_path/Frameworks",
				);
				PRODUCT_BUNDLE_IDENTIFIER = com.panda.SampleApp.Libbris;
				PRODUCT_NAME = "$(TARGET_NAME)";
				SWIFT_VERSION = 5.0;
				TARGETED_DEVICE_FAMILY = 1;
			};
			name = Testing;
		};
		6EF42FC0273CA82200E21F7D /* Testing */ = {
			isa = XCBuildConfiguration;
			buildSettings = {
				ALWAYS_EMBED_SWIFT_STANDARD_LIBRARIES = YES;
				BUNDLE_LOADER = "$(TEST_HOST)";
				CODE_SIGN_STYLE = Automatic;
				DEVELOPMENT_TEAM = TJ6JN796CP;
				INFOPLIST_FILE = LibbrisTests/Info.plist;
				IPHONEOS_DEPLOYMENT_TARGET = 14.5;
				LD_RUNPATH_SEARCH_PATHS = (
					"$(inherited)",
					"@executable_path/Frameworks",
					"@loader_path/Frameworks",
				);
				PRODUCT_BUNDLE_IDENTIFIER = com.panda.SampleApp.LibbrisTests;
				PRODUCT_NAME = "$(TARGET_NAME)";
				SWIFT_VERSION = 5.0;
				TARGETED_DEVICE_FAMILY = "1,2";
				TEST_HOST = "$(BUILT_PRODUCTS_DIR)/Libbris.app/Libbris";
			};
			name = Testing;
		};
		6EF42FC1273CA82200E21F7D /* Testing */ = {
			isa = XCBuildConfiguration;
			buildSettings = {
				ALWAYS_EMBED_SWIFT_STANDARD_LIBRARIES = YES;
				CODE_SIGN_STYLE = Automatic;
				DEVELOPMENT_TEAM = TJ6JN796CP;
				INFOPLIST_FILE = LibbrisUITests/Info.plist;
				LD_RUNPATH_SEARCH_PATHS = (
					"$(inherited)",
					"@executable_path/Frameworks",
					"@loader_path/Frameworks",
				);
				PRODUCT_BUNDLE_IDENTIFIER = com.panda.SampleApp.LibbrisUITests;
				PRODUCT_NAME = "$(TARGET_NAME)";
				SWIFT_VERSION = 5.0;
				TARGETED_DEVICE_FAMILY = "1,2";
				TEST_TARGET_NAME = Libbris;
			};
			name = Testing;
		};
/* End XCBuildConfiguration section */

/* Begin XCConfigurationList section */
		6E03089F26A7D9350030753C /* Build configuration list for PBXProject "Libbris" */ = {
			isa = XCConfigurationList;
			buildConfigurations = (
				6E0308C726A7D9360030753C /* Debug */,
				6EF42FBE273CA82200E21F7D /* Testing */,
				6E0308C826A7D9360030753C /* Release */,
			);
			defaultConfigurationIsVisible = 0;
			defaultConfigurationName = Release;
		};
		6E0308C926A7D9360030753C /* Build configuration list for PBXNativeTarget "Libbris" */ = {
			isa = XCConfigurationList;
			buildConfigurations = (
				6E0308CA26A7D9360030753C /* Debug */,
				6EF42FBF273CA82200E21F7D /* Testing */,
				6E0308CB26A7D9360030753C /* Release */,
			);
			defaultConfigurationIsVisible = 0;
			defaultConfigurationName = Release;
		};
		6E0308CC26A7D9360030753C /* Build configuration list for PBXNativeTarget "LibbrisTests" */ = {
			isa = XCConfigurationList;
			buildConfigurations = (
				6E0308CD26A7D9360030753C /* Debug */,
				6EF42FC0273CA82200E21F7D /* Testing */,
				6E0308CE26A7D9360030753C /* Release */,
			);
			defaultConfigurationIsVisible = 0;
			defaultConfigurationName = Release;
		};
		6E0308CF26A7D9360030753C /* Build configuration list for PBXNativeTarget "LibbrisUITests" */ = {
			isa = XCConfigurationList;
			buildConfigurations = (
				6E0308D026A7D9360030753C /* Debug */,
				6EF42FC1273CA82200E21F7D /* Testing */,
				6E0308D126A7D9360030753C /* Release */,
			);
			defaultConfigurationIsVisible = 0;
			defaultConfigurationName = Release;
		};
/* End XCConfigurationList section */
	};
	rootObject = 6E03089C26A7D9350030753C /* Project object */;
}
